// !$*UTF8*$!
{
	archiveVersion = 1;
	classes = {
	};
	objectVersion = 46;
	objects = {

/* Begin PBXBuildFile section */
		2100C581163AD0D700D202E9 /* UIKit.framework in Frameworks */ = {isa = PBXBuildFile; fileRef = 2100C580163AD0D700D202E9 /* UIKit.framework */; };
		2100C583163AD0D700D202E9 /* Foundation.framework in Frameworks */ = {isa = PBXBuildFile; fileRef = 2100C582163AD0D700D202E9 /* Foundation.framework */; };
		2100C585163AD0D700D202E9 /* CoreGraphics.framework in Frameworks */ = {isa = PBXBuildFile; fileRef = 2100C584163AD0D700D202E9 /* CoreGraphics.framework */; };
		2100C58B163AD0D700D202E9 /* InfoPlist.strings in Resources */ = {isa = PBXBuildFile; fileRef = 2100C589163AD0D700D202E9 /* InfoPlist.strings */; };
		2100C58D163AD0D800D202E9 /* main.m in Sources */ = {isa = PBXBuildFile; fileRef = 2100C58C163AD0D700D202E9 /* main.m */; };
		2100C593163AD0D800D202E9 /* Default.png in Resources */ = {isa = PBXBuildFile; fileRef = 2100C592163AD0D800D202E9 /* Default.png */; };
		2100C595163AD0D800D202E9 /* Default@2x.png in Resources */ = {isa = PBXBuildFile; fileRef = 2100C594163AD0D800D202E9 /* Default@2x.png */; };
		2100C597163AD0D800D202E9 /* Default-568h@2x.png in Resources */ = {isa = PBXBuildFile; fileRef = 2100C596163AD0D800D202E9 /* Default-568h@2x.png */; };
		2100C59A163AD0D800D202E9 /* MainStoryboard.storyboard in Resources */ = {isa = PBXBuildFile; fileRef = 2100C598163AD0D800D202E9 /* MainStoryboard.storyboard */; };
		2100C5A5163AD0D800D202E9 /* SenTestingKit.framework in Frameworks */ = {isa = PBXBuildFile; fileRef = 2100C5A4163AD0D800D202E9 /* SenTestingKit.framework */; };
		2100C5A6163AD0D800D202E9 /* UIKit.framework in Frameworks */ = {isa = PBXBuildFile; fileRef = 2100C580163AD0D700D202E9 /* UIKit.framework */; };
		2100C5A7163AD0D800D202E9 /* Foundation.framework in Frameworks */ = {isa = PBXBuildFile; fileRef = 2100C582163AD0D700D202E9 /* Foundation.framework */; };
		2100C5AF163AD0D800D202E9 /* InfoPlist.strings in Resources */ = {isa = PBXBuildFile; fileRef = 2100C5AD163AD0D800D202E9 /* InfoPlist.strings */; };
		2100C5B2163AD0D800D202E9 /* CommerceTests.m in Sources */ = {isa = PBXBuildFile; fileRef = 2100C5B1163AD0D800D202E9 /* CommerceTests.m */; };
		72041490163B5AE5006B6213 /* SectionModel.m in Sources */ = {isa = PBXBuildFile; fileRef = 7204148F163B5AE5006B6213 /* SectionModel.m */; };
		72041493163B5EF9006B6213 /* ProductModel.m in Sources */ = {isa = PBXBuildFile; fileRef = 72041492163B5EF9006B6213 /* ProductModel.m */; };
		720414A4163B64EF006B6213 /* BGMAppDelegate.m in Sources */ = {isa = PBXBuildFile; fileRef = 720414A3163B64EF006B6213 /* BGMAppDelegate.m */; };
		720414A7163B689B006B6213 /* BGMSectionsCell.m in Sources */ = {isa = PBXBuildFile; fileRef = 720414A6163B689B006B6213 /* BGMSectionsCell.m */; };
		720414AD163B7AA1006B6213 /* BGMCollectionViewController.m in Sources */ = {isa = PBXBuildFile; fileRef = 720414AC163B7AA1006B6213 /* BGMCollectionViewController.m */; };
		72A106A5163B14B90012959C /* AudioToolbox.framework in Frameworks */ = {isa = PBXBuildFile; fileRef = 72A106A4163B14B90012959C /* AudioToolbox.framework */; };
		72A106A7163B14C60012959C /* AVFoundation.framework in Frameworks */ = {isa = PBXBuildFile; fileRef = 72A106A6163B14C60012959C /* AVFoundation.framework */; };
		72A106A9163B14CD0012959C /* CoreVideo.framework in Frameworks */ = {isa = PBXBuildFile; fileRef = 72A106A8163B14CD0012959C /* CoreVideo.framework */; };
		72A106AB163B14E80012959C /* libiconv.dylib in Frameworks */ = {isa = PBXBuildFile; fileRef = 72A106AA163B14E80012959C /* libiconv.dylib */; };
		72A106AD163B15C50012959C /* CoreMedia.framework in Frameworks */ = {isa = PBXBuildFile; fileRef = 72A106AC163B15C50012959C /* CoreMedia.framework */; };
		72A106B0163B15D50012959C /* AddressBook.framework in Frameworks */ = {isa = PBXBuildFile; fileRef = 72A106AE163B15D50012959C /* AddressBook.framework */; };
		72A106B1163B15D50012959C /* AddressBookUI.framework in Frameworks */ = {isa = PBXBuildFile; fileRef = 72A106AF163B15D50012959C /* AddressBookUI.framework */; };
		72A106C0163B1C740012959C /* BGMViewController.m in Sources */ = {isa = PBXBuildFile; fileRef = 72A106BF163B1C740012959C /* BGMViewController.m */; };
		72A106C9163B3CC00012959C /* QuartzCore.framework in Frameworks */ = {isa = PBXBuildFile; fileRef = 72A106C8163B3CC00012959C /* QuartzCore.framework */; };
		72A106E8163B43EF0012959C /* libzbar.a in Frameworks */ = {isa = PBXBuildFile; fileRef = 72A106E2163B43EF0012959C /* libzbar.a */; };
		72A106E9163B43EF0012959C /* zbar-back.png in Resources */ = {isa = PBXBuildFile; fileRef = 72A106E4163B43EF0012959C /* zbar-back.png */; };
		72A106EA163B43EF0012959C /* zbar-help.html in Resources */ = {isa = PBXBuildFile; fileRef = 72A106E5163B43EF0012959C /* zbar-help.html */; };
		72A106EB163B43EF0012959C /* zbar-helpicons.png in Resources */ = {isa = PBXBuildFile; fileRef = 72A106E6163B43EF0012959C /* zbar-helpicons.png */; };
		72A106EC163B43EF0012959C /* zbar-samples.png in Resources */ = {isa = PBXBuildFile; fileRef = 72A106E7163B43EF0012959C /* zbar-samples.png */; };
/* End PBXBuildFile section */

/* Begin PBXContainerItemProxy section */
		2100C5A8163AD0D800D202E9 /* PBXContainerItemProxy */ = {
			isa = PBXContainerItemProxy;
			containerPortal = 2100C573163AD0D700D202E9 /* Project object */;
			proxyType = 1;
			remoteGlobalIDString = 2100C57B163AD0D700D202E9;
			remoteInfo = Commerce;
		};
/* End PBXContainerItemProxy section */

/* Begin PBXFileReference section */
		2100C57C163AD0D700D202E9 /* Commerce.app */ = {isa = PBXFileReference; explicitFileType = wrapper.application; includeInIndex = 0; path = Commerce.app; sourceTree = BUILT_PRODUCTS_DIR; };
		2100C580163AD0D700D202E9 /* UIKit.framework */ = {isa = PBXFileReference; lastKnownFileType = wrapper.framework; name = UIKit.framework; path = System/Library/Frameworks/UIKit.framework; sourceTree = SDKROOT; };
		2100C582163AD0D700D202E9 /* Foundation.framework */ = {isa = PBXFileReference; lastKnownFileType = wrapper.framework; name = Foundation.framework; path = System/Library/Frameworks/Foundation.framework; sourceTree = SDKROOT; };
		2100C584163AD0D700D202E9 /* CoreGraphics.framework */ = {isa = PBXFileReference; lastKnownFileType = wrapper.framework; name = CoreGraphics.framework; path = System/Library/Frameworks/CoreGraphics.framework; sourceTree = SDKROOT; };
		2100C588163AD0D700D202E9 /* Commerce-Info.plist */ = {isa = PBXFileReference; lastKnownFileType = text.plist.xml; path = "Commerce-Info.plist"; sourceTree = "<group>"; };
		2100C58A163AD0D700D202E9 /* en */ = {isa = PBXFileReference; lastKnownFileType = text.plist.strings; name = en; path = en.lproj/InfoPlist.strings; sourceTree = "<group>"; };
		2100C58C163AD0D700D202E9 /* main.m */ = {isa = PBXFileReference; lastKnownFileType = sourcecode.c.objc; path = main.m; sourceTree = "<group>"; };
		2100C58E163AD0D800D202E9 /* Commerce-Prefix.pch */ = {isa = PBXFileReference; lastKnownFileType = sourcecode.c.h; path = "Commerce-Prefix.pch"; sourceTree = "<group>"; };
		2100C58F163AD0D800D202E9 /* BGMAppDelegate.h */ = {isa = PBXFileReference; lastKnownFileType = sourcecode.c.h; path = BGMAppDelegate.h; sourceTree = "<group>"; };
		2100C592163AD0D800D202E9 /* Default.png */ = {isa = PBXFileReference; lastKnownFileType = image.png; path = Default.png; sourceTree = "<group>"; };
		2100C594163AD0D800D202E9 /* Default@2x.png */ = {isa = PBXFileReference; lastKnownFileType = image.png; path = "Default@2x.png"; sourceTree = "<group>"; };
		2100C596163AD0D800D202E9 /* Default-568h@2x.png */ = {isa = PBXFileReference; lastKnownFileType = image.png; path = "Default-568h@2x.png"; sourceTree = "<group>"; };
		2100C599163AD0D800D202E9 /* en */ = {isa = PBXFileReference; lastKnownFileType = file.storyboard; name = en; path = en.lproj/MainStoryboard.storyboard; sourceTree = "<group>"; };
		2100C59B163AD0D800D202E9 /* BGMViewController.h */ = {isa = PBXFileReference; lastKnownFileType = sourcecode.c.h; path = BGMViewController.h; sourceTree = "<group>"; };
		2100C5A3163AD0D800D202E9 /* CommerceTests.octest */ = {isa = PBXFileReference; explicitFileType = wrapper.cfbundle; includeInIndex = 0; path = CommerceTests.octest; sourceTree = BUILT_PRODUCTS_DIR; };
		2100C5A4163AD0D800D202E9 /* SenTestingKit.framework */ = {isa = PBXFileReference; lastKnownFileType = wrapper.framework; name = SenTestingKit.framework; path = Library/Frameworks/SenTestingKit.framework; sourceTree = DEVELOPER_DIR; };
		2100C5AC163AD0D800D202E9 /* CommerceTests-Info.plist */ = {isa = PBXFileReference; lastKnownFileType = text.plist.xml; path = "CommerceTests-Info.plist"; sourceTree = "<group>"; };
		2100C5AE163AD0D800D202E9 /* en */ = {isa = PBXFileReference; lastKnownFileType = text.plist.strings; name = en; path = en.lproj/InfoPlist.strings; sourceTree = "<group>"; };
		2100C5B0163AD0D800D202E9 /* CommerceTests.h */ = {isa = PBXFileReference; lastKnownFileType = sourcecode.c.h; path = CommerceTests.h; sourceTree = "<group>"; };
		2100C5B1163AD0D800D202E9 /* CommerceTests.m */ = {isa = PBXFileReference; lastKnownFileType = sourcecode.c.objc; path = CommerceTests.m; sourceTree = "<group>"; };
		7204148E163B5AE5006B6213 /* SectionModel.h */ = {isa = PBXFileReference; fileEncoding = 4; lastKnownFileType = sourcecode.c.h; name = SectionModel.h; path = Commerce/SectionModel.h; sourceTree = "<group>"; };
		7204148F163B5AE5006B6213 /* SectionModel.m */ = {isa = PBXFileReference; fileEncoding = 4; lastKnownFileType = sourcecode.c.objc; name = SectionModel.m; path = Commerce/SectionModel.m; sourceTree = "<group>"; };
		72041491163B5EF9006B6213 /* ProductModel.h */ = {isa = PBXFileReference; fileEncoding = 4; lastKnownFileType = sourcecode.c.h; name = ProductModel.h; path = Commerce/ProductModel.h; sourceTree = "<group>"; };
		72041492163B5EF9006B6213 /* ProductModel.m */ = {isa = PBXFileReference; fileEncoding = 4; lastKnownFileType = sourcecode.c.objc; name = ProductModel.m; path = Commerce/ProductModel.m; sourceTree = "<group>"; };
		720414A3163B64EF006B6213 /* BGMAppDelegate.m */ = {isa = PBXFileReference; fileEncoding = 4; lastKnownFileType = sourcecode.c.objc; path = BGMAppDelegate.m; sourceTree = "<group>"; };
		720414A5163B689B006B6213 /* BGMSectionsCell.h */ = {isa = PBXFileReference; fileEncoding = 4; lastKnownFileType = sourcecode.c.h; path = BGMSectionsCell.h; sourceTree = "<group>"; };
		720414A6163B689B006B6213 /* BGMSectionsCell.m */ = {isa = PBXFileReference; fileEncoding = 4; lastKnownFileType = sourcecode.c.objc; path = BGMSectionsCell.m; sourceTree = "<group>"; };
		720414AB163B7AA1006B6213 /* BGMCollectionViewController.h */ = {isa = PBXFileReference; fileEncoding = 4; lastKnownFileType = sourcecode.c.h; path = BGMCollectionViewController.h; sourceTree = "<group>"; };
		720414AC163B7AA1006B6213 /* BGMCollectionViewController.m */ = {isa = PBXFileReference; fileEncoding = 4; lastKnownFileType = sourcecode.c.objc; path = BGMCollectionViewController.m; sourceTree = "<group>"; };
		72A106A4163B14B90012959C /* AudioToolbox.framework */ = {isa = PBXFileReference; lastKnownFileType = wrapper.framework; name = AudioToolbox.framework; path = System/Library/Frameworks/AudioToolbox.framework; sourceTree = SDKROOT; };
		72A106A6163B14C60012959C /* AVFoundation.framework */ = {isa = PBXFileReference; lastKnownFileType = wrapper.framework; name = AVFoundation.framework; path = System/Library/Frameworks/AVFoundation.framework; sourceTree = SDKROOT; };
		72A106A8163B14CD0012959C /* CoreVideo.framework */ = {isa = PBXFileReference; lastKnownFileType = wrapper.framework; name = CoreVideo.framework; path = System/Library/Frameworks/CoreVideo.framework; sourceTree = SDKROOT; };
		72A106AA163B14E80012959C /* libiconv.dylib */ = {isa = PBXFileReference; lastKnownFileType = "compiled.mach-o.dylib"; name = libiconv.dylib; path = usr/lib/libiconv.dylib; sourceTree = SDKROOT; };
		72A106AC163B15C50012959C /* CoreMedia.framework */ = {isa = PBXFileReference; lastKnownFileType = wrapper.framework; name = CoreMedia.framework; path = System/Library/Frameworks/CoreMedia.framework; sourceTree = SDKROOT; };
		72A106AE163B15D50012959C /* AddressBook.framework */ = {isa = PBXFileReference; lastKnownFileType = wrapper.framework; name = AddressBook.framework; path = System/Library/Frameworks/AddressBook.framework; sourceTree = SDKROOT; };
		72A106AF163B15D50012959C /* AddressBookUI.framework */ = {isa = PBXFileReference; lastKnownFileType = wrapper.framework; name = AddressBookUI.framework; path = System/Library/Frameworks/AddressBookUI.framework; sourceTree = SDKROOT; };
		72A106BF163B1C740012959C /* BGMViewController.m */ = {isa = PBXFileReference; fileEncoding = 4; lastKnownFileType = sourcecode.c.objc; path = BGMViewController.m; sourceTree = "<group>"; };
		72A106C8163B3CC00012959C /* QuartzCore.framework */ = {isa = PBXFileReference; lastKnownFileType = wrapper.framework; name = QuartzCore.framework; path = System/Library/Frameworks/QuartzCore.framework; sourceTree = SDKROOT; };
		72A106CE163B43EF0012959C /* Decoder.h */ = {isa = PBXFileReference; fileEncoding = 4; lastKnownFileType = sourcecode.c.h; path = Decoder.h; sourceTree = "<group>"; };
		72A106CF163B43EF0012959C /* Exception.h */ = {isa = PBXFileReference; fileEncoding = 4; lastKnownFileType = sourcecode.c.h; path = Exception.h; sourceTree = "<group>"; };
		72A106D0163B43EF0012959C /* Image.h */ = {isa = PBXFileReference; fileEncoding = 4; lastKnownFileType = sourcecode.c.h; path = Image.h; sourceTree = "<group>"; };
		72A106D1163B43EF0012959C /* ImageScanner.h */ = {isa = PBXFileReference; fileEncoding = 4; lastKnownFileType = sourcecode.c.h; path = ImageScanner.h; sourceTree = "<group>"; };
		72A106D2163B43EF0012959C /* Processor.h */ = {isa = PBXFileReference; fileEncoding = 4; lastKnownFileType = sourcecode.c.h; path = Processor.h; sourceTree = "<group>"; };
		72A106D3163B43EF0012959C /* Scanner.h */ = {isa = PBXFileReference; fileEncoding = 4; lastKnownFileType = sourcecode.c.h; path = Scanner.h; sourceTree = "<group>"; };
		72A106D4163B43EF0012959C /* Symbol.h */ = {isa = PBXFileReference; fileEncoding = 4; lastKnownFileType = sourcecode.c.h; path = Symbol.h; sourceTree = "<group>"; };
		72A106D5163B43EF0012959C /* Video.h */ = {isa = PBXFileReference; fileEncoding = 4; lastKnownFileType = sourcecode.c.h; path = Video.h; sourceTree = "<group>"; };
		72A106D6163B43EF0012959C /* Window.h */ = {isa = PBXFileReference; fileEncoding = 4; lastKnownFileType = sourcecode.c.h; path = Window.h; sourceTree = "<group>"; };
		72A106D7163B43EF0012959C /* zbar.h */ = {isa = PBXFileReference; fileEncoding = 4; lastKnownFileType = sourcecode.c.h; path = zbar.h; sourceTree = "<group>"; };
		72A106D8163B43EF0012959C /* ZBarCameraSimulator.h */ = {isa = PBXFileReference; fileEncoding = 4; lastKnownFileType = sourcecode.c.h; path = ZBarCameraSimulator.h; sourceTree = "<group>"; };
		72A106D9163B43EF0012959C /* ZBarCaptureReader.h */ = {isa = PBXFileReference; fileEncoding = 4; lastKnownFileType = sourcecode.c.h; path = ZBarCaptureReader.h; sourceTree = "<group>"; };
		72A106DA163B43EF0012959C /* ZBarHelpController.h */ = {isa = PBXFileReference; fileEncoding = 4; lastKnownFileType = sourcecode.c.h; path = ZBarHelpController.h; sourceTree = "<group>"; };
		72A106DB163B43EF0012959C /* ZBarImage.h */ = {isa = PBXFileReference; fileEncoding = 4; lastKnownFileType = sourcecode.c.h; path = ZBarImage.h; sourceTree = "<group>"; };
		72A106DC163B43EF0012959C /* ZBarImageScanner.h */ = {isa = PBXFileReference; fileEncoding = 4; lastKnownFileType = sourcecode.c.h; path = ZBarImageScanner.h; sourceTree = "<group>"; };
		72A106DD163B43EF0012959C /* ZBarReaderController.h */ = {isa = PBXFileReference; fileEncoding = 4; lastKnownFileType = sourcecode.c.h; path = ZBarReaderController.h; sourceTree = "<group>"; };
		72A106DE163B43EF0012959C /* ZBarReaderView.h */ = {isa = PBXFileReference; fileEncoding = 4; lastKnownFileType = sourcecode.c.h; path = ZBarReaderView.h; sourceTree = "<group>"; };
		72A106DF163B43EF0012959C /* ZBarReaderViewController.h */ = {isa = PBXFileReference; fileEncoding = 4; lastKnownFileType = sourcecode.c.h; path = ZBarReaderViewController.h; sourceTree = "<group>"; };
		72A106E0163B43EF0012959C /* ZBarSDK.h */ = {isa = PBXFileReference; fileEncoding = 4; lastKnownFileType = sourcecode.c.h; path = ZBarSDK.h; sourceTree = "<group>"; };
		72A106E1163B43EF0012959C /* ZBarSymbol.h */ = {isa = PBXFileReference; fileEncoding = 4; lastKnownFileType = sourcecode.c.h; path = ZBarSymbol.h; sourceTree = "<group>"; };
		72A106E2163B43EF0012959C /* libzbar.a */ = {isa = PBXFileReference; lastKnownFileType = archive.ar; path = libzbar.a; sourceTree = "<group>"; };
		72A106E4163B43EF0012959C /* zbar-back.png */ = {isa = PBXFileReference; lastKnownFileType = image.png; path = "zbar-back.png"; sourceTree = "<group>"; };
		72A106E5163B43EF0012959C /* zbar-help.html */ = {isa = PBXFileReference; fileEncoding = 4; lastKnownFileType = text.html; path = "zbar-help.html"; sourceTree = "<group>"; };
		72A106E6163B43EF0012959C /* zbar-helpicons.png */ = {isa = PBXFileReference; lastKnownFileType = image.png; path = "zbar-helpicons.png"; sourceTree = "<group>"; };
		72A106E7163B43EF0012959C /* zbar-samples.png */ = {isa = PBXFileReference; lastKnownFileType = image.png; path = "zbar-samples.png"; sourceTree = "<group>"; };
/* End PBXFileReference section */

/* Begin PBXFrameworksBuildPhase section */
		2100C579163AD0D700D202E9 /* Frameworks */ = {
			isa = PBXFrameworksBuildPhase;
			buildActionMask = 2147483647;
			files = (
				72A106C9163B3CC00012959C /* QuartzCore.framework in Frameworks */,
				72A106B0163B15D50012959C /* AddressBook.framework in Frameworks */,
				72A106B1163B15D50012959C /* AddressBookUI.framework in Frameworks */,
				72A106AD163B15C50012959C /* CoreMedia.framework in Frameworks */,
				72A106AB163B14E80012959C /* libiconv.dylib in Frameworks */,
				72A106A9163B14CD0012959C /* CoreVideo.framework in Frameworks */,
				72A106A7163B14C60012959C /* AVFoundation.framework in Frameworks */,
				72A106A5163B14B90012959C /* AudioToolbox.framework in Frameworks */,
				2100C583163AD0D700D202E9 /* Foundation.framework in Frameworks */,
				2100C581163AD0D700D202E9 /* UIKit.framework in Frameworks */,
				2100C585163AD0D700D202E9 /* CoreGraphics.framework in Frameworks */,
				72A106E8163B43EF0012959C /* libzbar.a in Frameworks */,
			);
			runOnlyForDeploymentPostprocessing = 0;
		};
		2100C59F163AD0D800D202E9 /* Frameworks */ = {
			isa = PBXFrameworksBuildPhase;
			buildActionMask = 2147483647;
			files = (
				2100C5A5163AD0D800D202E9 /* SenTestingKit.framework in Frameworks */,
				2100C5A6163AD0D800D202E9 /* UIKit.framework in Frameworks */,
				2100C5A7163AD0D800D202E9 /* Foundation.framework in Frameworks */,
			);
			runOnlyForDeploymentPostprocessing = 0;
		};
/* End PBXFrameworksBuildPhase section */

/* Begin PBXGroup section */
		2100C571163AD0D700D202E9 = {
			isa = PBXGroup;
			children = (
				7204148C163B5A4F006B6213 /* Models */,
				72A106CA163B43EF0012959C /* ZBarSDK */,
				2100C586163AD0D700D202E9 /* Commerce */,
				2100C5AA163AD0D800D202E9 /* CommerceTests */,
				2100C57F163AD0D700D202E9 /* Frameworks */,
				2100C57D163AD0D700D202E9 /* Products */,
			);
			sourceTree = "<group>";
		};
		2100C57D163AD0D700D202E9 /* Products */ = {
			isa = PBXGroup;
			children = (
				2100C57C163AD0D700D202E9 /* Commerce.app */,
				2100C5A3163AD0D800D202E9 /* CommerceTests.octest */,
			);
			name = Products;
			sourceTree = "<group>";
		};
		2100C57F163AD0D700D202E9 /* Frameworks */ = {
			isa = PBXGroup;
			children = (
				72A106C8163B3CC00012959C /* QuartzCore.framework */,
				72A106AE163B15D50012959C /* AddressBook.framework */,
				72A106AF163B15D50012959C /* AddressBookUI.framework */,
				72A106AC163B15C50012959C /* CoreMedia.framework */,
				72A106AA163B14E80012959C /* libiconv.dylib */,
				72A106A8163B14CD0012959C /* CoreVideo.framework */,
				72A106A6163B14C60012959C /* AVFoundation.framework */,
				72A106A4163B14B90012959C /* AudioToolbox.framework */,
				2100C580163AD0D700D202E9 /* UIKit.framework */,
				2100C582163AD0D700D202E9 /* Foundation.framework */,
				2100C584163AD0D700D202E9 /* CoreGraphics.framework */,
				2100C5A4163AD0D800D202E9 /* SenTestingKit.framework */,
			);
			name = Frameworks;
			sourceTree = "<group>";
		};
		2100C586163AD0D700D202E9 /* Commerce */ = {
			isa = PBXGroup;
			children = (
				2100C58F163AD0D800D202E9 /* BGMAppDelegate.h */,
				720414A3163B64EF006B6213 /* BGMAppDelegate.m */,
				2100C598163AD0D800D202E9 /* MainStoryboard.storyboard */,
				2100C59B163AD0D800D202E9 /* BGMViewController.h */,
				72A106BF163B1C740012959C /* BGMViewController.m */,
				2100C587163AD0D700D202E9 /* Supporting Files */,
				720414A5163B689B006B6213 /* BGMSectionsCell.h */,
				720414A6163B689B006B6213 /* BGMSectionsCell.m */,
				720414AB163B7AA1006B6213 /* BGMCollectionViewController.h */,
				720414AC163B7AA1006B6213 /* BGMCollectionViewController.m */,
			);
			path = Commerce;
			sourceTree = "<group>";
		};
		2100C587163AD0D700D202E9 /* Supporting Files */ = {
			isa = PBXGroup;
			children = (
				2100C588163AD0D700D202E9 /* Commerce-Info.plist */,
				2100C589163AD0D700D202E9 /* InfoPlist.strings */,
				2100C58C163AD0D700D202E9 /* main.m */,
				2100C58E163AD0D800D202E9 /* Commerce-Prefix.pch */,
				2100C592163AD0D800D202E9 /* Default.png */,
				2100C594163AD0D800D202E9 /* Default@2x.png */,
				2100C596163AD0D800D202E9 /* Default-568h@2x.png */,
			);
			name = "Supporting Files";
			sourceTree = "<group>";
		};
		2100C5AA163AD0D800D202E9 /* CommerceTests */ = {
			isa = PBXGroup;
			children = (
				2100C5B0163AD0D800D202E9 /* CommerceTests.h */,
				2100C5B1163AD0D800D202E9 /* CommerceTests.m */,
				2100C5AB163AD0D800D202E9 /* Supporting Files */,
			);
			path = CommerceTests;
			sourceTree = "<group>";
		};
		2100C5AB163AD0D800D202E9 /* Supporting Files */ = {
			isa = PBXGroup;
			children = (
				2100C5AC163AD0D800D202E9 /* CommerceTests-Info.plist */,
				2100C5AD163AD0D800D202E9 /* InfoPlist.strings */,
			);
			name = "Supporting Files";
			sourceTree = "<group>";
		};
		7204148C163B5A4F006B6213 /* Models */ = {
			isa = PBXGroup;
			children = (
				7204148E163B5AE5006B6213 /* SectionModel.h */,
				7204148F163B5AE5006B6213 /* SectionModel.m */,
				72041491163B5EF9006B6213 /* ProductModel.h */,
				72041492163B5EF9006B6213 /* ProductModel.m */,
			);
			name = Models;
			sourceTree = "<group>";
		};
		72A106CA163B43EF0012959C /* ZBarSDK */ = {
			isa = PBXGroup;
			children = (
				72A106CB163B43EF0012959C /* Headers */,
				72A106E2163B43EF0012959C /* libzbar.a */,
				72A106E3163B43EF0012959C /* Resources */,
			);
			path = ZBarSDK;
			sourceTree = "<group>";
		};
		72A106CB163B43EF0012959C /* Headers */ = {
			isa = PBXGroup;
			children = (
				72A106CC163B43EF0012959C /* ZBarSDK */,
			);
			path = Headers;
			sourceTree = "<group>";
		};
		72A106CC163B43EF0012959C /* ZBarSDK */ = {
			isa = PBXGroup;
			children = (
				72A106CD163B43EF0012959C /* zbar */,
				72A106D7163B43EF0012959C /* zbar.h */,
				72A106D8163B43EF0012959C /* ZBarCameraSimulator.h */,
				72A106D9163B43EF0012959C /* ZBarCaptureReader.h */,
				72A106DA163B43EF0012959C /* ZBarHelpController.h */,
				72A106DB163B43EF0012959C /* ZBarImage.h */,
				72A106DC163B43EF0012959C /* ZBarImageScanner.h */,
				72A106DD163B43EF0012959C /* ZBarReaderController.h */,
				72A106DE163B43EF0012959C /* ZBarReaderView.h */,
				72A106DF163B43EF0012959C /* ZBarReaderViewController.h */,
				72A106E0163B43EF0012959C /* ZBarSDK.h */,
				72A106E1163B43EF0012959C /* ZBarSymbol.h */,
			);
			path = ZBarSDK;
			sourceTree = "<group>";
		};
		72A106CD163B43EF0012959C /* zbar */ = {
			isa = PBXGroup;
			children = (
				72A106CE163B43EF0012959C /* Decoder.h */,
				72A106CF163B43EF0012959C /* Exception.h */,
				72A106D0163B43EF0012959C /* Image.h */,
				72A106D1163B43EF0012959C /* ImageScanner.h */,
				72A106D2163B43EF0012959C /* Processor.h */,
				72A106D3163B43EF0012959C /* Scanner.h */,
				72A106D4163B43EF0012959C /* Symbol.h */,
				72A106D5163B43EF0012959C /* Video.h */,
				72A106D6163B43EF0012959C /* Window.h */,
			);
			path = zbar;
			sourceTree = "<group>";
		};
		72A106E3163B43EF0012959C /* Resources */ = {
			isa = PBXGroup;
			children = (
				72A106E4163B43EF0012959C /* zbar-back.png */,
				72A106E5163B43EF0012959C /* zbar-help.html */,
				72A106E6163B43EF0012959C /* zbar-helpicons.png */,
				72A106E7163B43EF0012959C /* zbar-samples.png */,
			);
			path = Resources;
			sourceTree = "<group>";
		};
/* End PBXGroup section */

/* Begin PBXNativeTarget section */
		2100C57B163AD0D700D202E9 /* Commerce */ = {
			isa = PBXNativeTarget;
			buildConfigurationList = 2100C5B5163AD0D800D202E9 /* Build configuration list for PBXNativeTarget "Commerce" */;
			buildPhases = (
				2100C578163AD0D700D202E9 /* Sources */,
				2100C579163AD0D700D202E9 /* Frameworks */,
				2100C57A163AD0D700D202E9 /* Resources */,
			);
			buildRules = (
			);
			dependencies = (
			);
			name = Commerce;
			productName = Commerce;
			productReference = 2100C57C163AD0D700D202E9 /* Commerce.app */;
			productType = "com.apple.product-type.application";
		};
		2100C5A2163AD0D800D202E9 /* CommerceTests */ = {
			isa = PBXNativeTarget;
			buildConfigurationList = 2100C5B8163AD0D800D202E9 /* Build configuration list for PBXNativeTarget "CommerceTests" */;
			buildPhases = (
				2100C59E163AD0D800D202E9 /* Sources */,
				2100C59F163AD0D800D202E9 /* Frameworks */,
				2100C5A0163AD0D800D202E9 /* Resources */,
				2100C5A1163AD0D800D202E9 /* ShellScript */,
			);
			buildRules = (
			);
			dependencies = (
				2100C5A9163AD0D800D202E9 /* PBXTargetDependency */,
			);
			name = CommerceTests;
			productName = CommerceTests;
			productReference = 2100C5A3163AD0D800D202E9 /* CommerceTests.octest */;
			productType = "com.apple.product-type.bundle";
		};
/* End PBXNativeTarget section */

/* Begin PBXProject section */
		2100C573163AD0D700D202E9 /* Project object */ = {
			isa = PBXProject;
			attributes = {
				CLASSPREFIX = BGM;
				LastUpgradeCheck = 0450;
				ORGANIZATIONNAME = bogamari;
			};
			buildConfigurationList = 2100C576163AD0D700D202E9 /* Build configuration list for PBXProject "Commerce" */;
			compatibilityVersion = "Xcode 3.2";
			developmentRegion = English;
			hasScannedForEncodings = 0;
			knownRegions = (
				en,
			);
			mainGroup = 2100C571163AD0D700D202E9;
			productRefGroup = 2100C57D163AD0D700D202E9 /* Products */;
			projectDirPath = "";
			projectRoot = "";
			targets = (
				2100C57B163AD0D700D202E9 /* Commerce */,
				2100C5A2163AD0D800D202E9 /* CommerceTests */,
			);
		};
/* End PBXProject section */

/* Begin PBXResourcesBuildPhase section */
		2100C57A163AD0D700D202E9 /* Resources */ = {
			isa = PBXResourcesBuildPhase;
			buildActionMask = 2147483647;
			files = (
				2100C58B163AD0D700D202E9 /* InfoPlist.strings in Resources */,
				2100C593163AD0D800D202E9 /* Default.png in Resources */,
				2100C595163AD0D800D202E9 /* Default@2x.png in Resources */,
				2100C597163AD0D800D202E9 /* Default-568h@2x.png in Resources */,
				2100C59A163AD0D800D202E9 /* MainStoryboard.storyboard in Resources */,
				72A106E9163B43EF0012959C /* zbar-back.png in Resources */,
				72A106EA163B43EF0012959C /* zbar-help.html in Resources */,
				72A106EB163B43EF0012959C /* zbar-helpicons.png in Resources */,
				72A106EC163B43EF0012959C /* zbar-samples.png in Resources */,
			);
			runOnlyForDeploymentPostprocessing = 0;
		};
		2100C5A0163AD0D800D202E9 /* Resources */ = {
			isa = PBXResourcesBuildPhase;
			buildActionMask = 2147483647;
			files = (
				2100C5AF163AD0D800D202E9 /* InfoPlist.strings in Resources */,
			);
			runOnlyForDeploymentPostprocessing = 0;
		};
/* End PBXResourcesBuildPhase section */

/* Begin PBXShellScriptBuildPhase section */
		2100C5A1163AD0D800D202E9 /* ShellScript */ = {
			isa = PBXShellScriptBuildPhase;
			buildActionMask = 2147483647;
			files = (
			);
			inputPaths = (
			);
			outputPaths = (
			);
			runOnlyForDeploymentPostprocessing = 0;
			shellPath = /bin/sh;
			shellScript = "# Run the unit tests in this test bundle.\n\"${SYSTEM_DEVELOPER_DIR}/Tools/RunUnitTests\"\n";
		};
/* End PBXShellScriptBuildPhase section */

/* Begin PBXSourcesBuildPhase section */
		2100C578163AD0D700D202E9 /* Sources */ = {
			isa = PBXSourcesBuildPhase;
			buildActionMask = 2147483647;
			files = (
				2100C58D163AD0D800D202E9 /* main.m in Sources */,
				72A106C0163B1C740012959C /* BGMViewController.m in Sources */,
				72041490163B5AE5006B6213 /* SectionModel.m in Sources */,
				72041493163B5EF9006B6213 /* ProductModel.m in Sources */,
				720414A4163B64EF006B6213 /* BGMAppDelegate.m in Sources */,
				720414A7163B689B006B6213 /* BGMSectionsCell.m in Sources */,
				720414AD163B7AA1006B6213 /* BGMCollectionViewController.m in Sources */,
			);
			runOnlyForDeploymentPostprocessing = 0;
		};
		2100C59E163AD0D800D202E9 /* Sources */ = {
			isa = PBXSourcesBuildPhase;
			buildActionMask = 2147483647;
			files = (
				2100C5B2163AD0D800D202E9 /* CommerceTests.m in Sources */,
			);
			runOnlyForDeploymentPostprocessing = 0;
		};
/* End PBXSourcesBuildPhase section */

/* Begin PBXTargetDependency section */
		2100C5A9163AD0D800D202E9 /* PBXTargetDependency */ = {
			isa = PBXTargetDependency;
			target = 2100C57B163AD0D700D202E9 /* Commerce */;
			targetProxy = 2100C5A8163AD0D800D202E9 /* PBXContainerItemProxy */;
		};
/* End PBXTargetDependency section */

/* Begin PBXVariantGroup section */
		2100C589163AD0D700D202E9 /* InfoPlist.strings */ = {
			isa = PBXVariantGroup;
			children = (
				2100C58A163AD0D700D202E9 /* en */,
			);
			name = InfoPlist.strings;
			sourceTree = "<group>";
		};
		2100C598163AD0D800D202E9 /* MainStoryboard.storyboard */ = {
			isa = PBXVariantGroup;
			children = (
				2100C599163AD0D800D202E9 /* en */,
			);
			name = MainStoryboard.storyboard;
			sourceTree = "<group>";
		};
		2100C5AD163AD0D800D202E9 /* InfoPlist.strings */ = {
			isa = PBXVariantGroup;
			children = (
				2100C5AE163AD0D800D202E9 /* en */,
			);
			name = InfoPlist.strings;
			sourceTree = "<group>";
		};
/* End PBXVariantGroup section */

/* Begin XCBuildConfiguration section */
		2100C5B3163AD0D800D202E9 /* Debug */ = {
			isa = XCBuildConfiguration;
			buildSettings = {
				ALWAYS_SEARCH_USER_PATHS = NO;
				CLANG_CXX_LANGUAGE_STANDARD = "gnu++0x";
				CLANG_CXX_LIBRARY = "libc++";
				CLANG_ENABLE_OBJC_ARC = YES;
				CLANG_WARN_EMPTY_BODY = YES;
				CLANG_WARN__DUPLICATE_METHOD_MATCH = YES;
				"CODE_SIGN_IDENTITY[sdk=iphoneos*]" = "iPhone Developer";
				COPY_PHASE_STRIP = NO;
				GCC_C_LANGUAGE_STANDARD = gnu99;
				GCC_DYNAMIC_NO_PIC = NO;
				GCC_OPTIMIZATION_LEVEL = 0;
				GCC_PREPROCESSOR_DEFINITIONS = (
					"DEBUG=1",
					"$(inherited)",
				);
				GCC_SYMBOLS_PRIVATE_EXTERN = NO;
				GCC_WARN_ABOUT_RETURN_TYPE = YES;
				GCC_WARN_UNINITIALIZED_AUTOS = YES;
				GCC_WARN_UNUSED_VARIABLE = YES;
				IPHONEOS_DEPLOYMENT_TARGET = 6.0;
				SDKROOT = iphoneos;
				TARGETED_DEVICE_FAMILY = 2;
			};
			name = Debug;
		};
		2100C5B4163AD0D800D202E9 /* Release */ = {
			isa = XCBuildConfiguration;
			buildSettings = {
				ALWAYS_SEARCH_USER_PATHS = NO;
				CLANG_CXX_LANGUAGE_STANDARD = "gnu++0x";
				CLANG_CXX_LIBRARY = "libc++";
				CLANG_ENABLE_OBJC_ARC = YES;
				CLANG_WARN_EMPTY_BODY = YES;
				CLANG_WARN__DUPLICATE_METHOD_MATCH = YES;
				"CODE_SIGN_IDENTITY[sdk=iphoneos*]" = "iPhone Developer";
				COPY_PHASE_STRIP = YES;
				GCC_C_LANGUAGE_STANDARD = gnu99;
				GCC_WARN_ABOUT_RETURN_TYPE = YES;
				GCC_WARN_UNINITIALIZED_AUTOS = YES;
				GCC_WARN_UNUSED_VARIABLE = YES;
				IPHONEOS_DEPLOYMENT_TARGET = 6.0;
				OTHER_CFLAGS = "-DNS_BLOCK_ASSERTIONS=1";
				SDKROOT = iphoneos;
				TARGETED_DEVICE_FAMILY = 2;
				VALIDATE_PRODUCT = YES;
			};
			name = Release;
		};
		2100C5B6163AD0D800D202E9 /* Debug */ = {
			isa = XCBuildConfiguration;
			buildSettings = {
				CLANG_CXX_LANGUAGE_STANDARD = "compiler-default";
				CLANG_CXX_LIBRARY = "compiler-default";
				GCC_C_LANGUAGE_STANDARD = "compiler-default";
				GCC_PRECOMPILE_PREFIX_HEADER = YES;
				GCC_PREFIX_HEADER = "Commerce/Commerce-Prefix.pch";
				HEADER_SEARCH_PATHS = (
					../../cpp/core/src,
					"../ZXingWidget/Classes/**",
				);
				INFOPLIST_FILE = "Commerce/Commerce-Info.plist";
				LIBRARY_SEARCH_PATHS = (
					"$(inherited)",
					"\"$(SRCROOT)/ZBarSDK\"",
				);
				ONLY_ACTIVE_ARCH = YES;
				PRODUCT_NAME = "$(TARGET_NAME)";
				WRAPPER_EXTENSION = app;
			};
			name = Debug;
		};
		2100C5B7163AD0D800D202E9 /* Release */ = {
			isa = XCBuildConfiguration;
			buildSettings = {
				CLANG_CXX_LANGUAGE_STANDARD = "compiler-default";
				CLANG_CXX_LIBRARY = "compiler-default";
				GCC_C_LANGUAGE_STANDARD = "compiler-default";
				GCC_PRECOMPILE_PREFIX_HEADER = YES;
				GCC_PREFIX_HEADER = "Commerce/Commerce-Prefix.pch";
				HEADER_SEARCH_PATHS = (
					../../cpp/core/src,
					"../ZXingWidget/Classes/**",
				);
				INFOPLIST_FILE = "Commerce/Commerce-Info.plist";
				LIBRARY_SEARCH_PATHS = (
					"$(inherited)",
					"\"$(SRCROOT)/ZBarSDK\"",
				);
				ONLY_ACTIVE_ARCH = YES;
				PRODUCT_NAME = "$(TARGET_NAME)";
				WRAPPER_EXTENSION = app;
			};
			name = Release;
		};
		2100C5B9163AD0D800D202E9 /* Debug */ = {
			isa = XCBuildConfiguration;
			buildSettings = {
				BUNDLE_LOADER = "$(BUILT_PRODUCTS_DIR)/Commerce.app/Commerce";
				FRAMEWORK_SEARCH_PATHS = (
					"\"$(SDKROOT)/Developer/Library/Frameworks\"",
					"\"$(DEVELOPER_LIBRARY_DIR)/Frameworks\"",
				);
				GCC_PRECOMPILE_PREFIX_HEADER = YES;
				GCC_PREFIX_HEADER = "Commerce/Commerce-Prefix.pch";
				INFOPLIST_FILE = "CommerceTests/CommerceTests-Info.plist";
				PRODUCT_NAME = "$(TARGET_NAME)";
				TEST_HOST = "$(BUNDLE_LOADER)";
				WRAPPER_EXTENSION = octest;
			};
			name = Debug;
		};
		2100C5BA163AD0D800D202E9 /* Release */ = {
			isa = XCBuildConfiguration;
			buildSettings = {
				BUNDLE_LOADER = "$(BUILT_PRODUCTS_DIR)/Commerce.app/Commerce";
				FRAMEWORK_SEARCH_PATHS = (
					"\"$(SDKROOT)/Developer/Library/Frameworks\"",
					"\"$(DEVELOPER_LIBRARY_DIR)/Frameworks\"",
				);
				GCC_PRECOMPILE_PREFIX_HEADER = YES;
				GCC_PREFIX_HEADER = "Commerce/Commerce-Prefix.pch";
				INFOPLIST_FILE = "CommerceTests/CommerceTests-Info.plist";
				PRODUCT_NAME = "$(TARGET_NAME)";
				TEST_HOST = "$(BUNDLE_LOADER)";
				WRAPPER_EXTENSION = octest;
			};
			name = Release;
		};
/* End XCBuildConfiguration section */

/* Begin XCConfigurationList section */
		2100C576163AD0D700D202E9 /* Build configuration list for PBXProject "Commerce" */ = {
			isa = XCConfigurationList;
			buildConfigurations = (
				2100C5B3163AD0D800D202E9 /* Debug */,
				2100C5B4163AD0D800D202E9 /* Release */,
			);
			defaultConfigurationIsVisible = 0;
			defaultConfigurationName = Release;
		};
		2100C5B5163AD0D800D202E9 /* Build configuration list for PBXNativeTarget "Commerce" */ = {
			isa = XCConfigurationList;
			buildConfigurations = (
				2100C5B6163AD0D800D202E9 /* Debug */,
				2100C5B7163AD0D800D202E9 /* Release */,
			);
			defaultConfigurationIsVisible = 0;
			defaultConfigurationName = Release;
		};
		2100C5B8163AD0D800D202E9 /* Build configuration list for PBXNativeTarget "CommerceTests" */ = {
			isa = XCConfigurationList;
			buildConfigurations = (
				2100C5B9163AD0D800D202E9 /* Debug */,
				2100C5BA163AD0D800D202E9 /* Release */,
			);
			defaultConfigurationIsVisible = 0;
			defaultConfigurationName = Release;
		};
/* End XCConfigurationList section */
	};
	rootObject = 2100C573163AD0D700D202E9 /* Project object */;
}
